
Microsoft Visual Studio Solution File, Format Version 12.00
# Visual Studio Version 17
VisualStudioVersion = 17.1.32421.90
MinimumVisualStudioVersion = 10.0.40219.1
Project("{FAE04EC0-301F-11D3-BF4B-00C04F79EFBC}") = "Albornoz.Santiago", "MenuPrincipal\Albornoz.Santiago.csproj", "{B2A357A8-0475-467F-ACB1-C8A714E9E3CF}"
EndProject
Project("{FAE04EC0-301F-11D3-BF4B-00C04F79EFBC}") = "Entidades", "Entidades\Entidades.csproj", "{D451A6B0-66CD-4EFC-86F9-D22B6527684F}"
EndProject
Project("{FAE04EC0-301F-11D3-BF4B-00C04F79EFBC}") = "Excepciones", "Excepciones\Excepciones.csproj", "{98807B0A-F190-46F5-B4DC-F27451DFE804}"
EndProject
Project("{FAE04EC0-301F-11D3-BF4B-00C04F79EFBC}") = "Archivos", "Archivos\Archivos.csproj", "{DB73308B-ED1B-4752-BDC2-FDA79E4450A8}"
EndProject
Global
	GlobalSection(SolutionConfigurationPlatforms) = preSolution
		Debug|Any CPU = Debug|Any CPU
		Release|Any CPU = Release|Any CPU
	EndGlobalSection
	GlobalSection(ProjectConfigurationPlatforms) = postSolution
		{B2A357A8-0475-467F-ACB1-C8A714E9E3CF}.Debug|Any CPU.ActiveCfg = Debug|Any CPU
		{B2A357A8-0475-467F-ACB1-C8A714E9E3CF}.Debug|Any CPU.Build.0 = Debug|Any CPU
		{B2A357A8-0475-467F-ACB1-C8A714E9E3CF}.Release|Any CPU.ActiveCfg = Release|Any CPU
		{B2A357A8-0475-467F-ACB1-C8A714E9E3CF}.Release|Any CPU.Build.0 = Release|Any CPU
		{D451A6B0-66CD-4EFC-86F9-D22B6527684F}.Debug|Any CPU.ActiveCfg = Debug|Any CPU
		{D451A6B0-66CD-4EFC-86F9-D22B6527684F}.Debug|Any CPU.Build.0 = Debug|Any CPU
		{D451A6B0-66CD-4EFC-86F9-D22B6527684F}.Release|Any CPU.ActiveCfg = Release|Any CPU
		{D451A6B0-66CD-4EFC-86F9-D22B6527684F}.Release|Any CPU.Build.0 = Release|Any CPU
		{98807B0A-F190-46F5-B4DC-F27451DFE804}.Debug|Any CPU.ActiveCfg = Debug|Any CPU
		{98807B0A-F190-46F5-B4DC-F27451DFE804}.Debug|Any CPU.Build.0 = Debug|Any CPU
		{98807B0A-F190-46F5-B4DC-F27451DFE804}.Release|Any CPU.ActiveCfg = Release|Any CPU
		{98807B0A-F190-46F5-B4DC-F27451DFE804}.Release|Any CPU.Build.0 = Release|Any CPU
		{DB73308B-ED1B-4752-BDC2-FDA79E4450A8}.Debug|Any CPU.ActiveCfg = Debug|Any CPU
		{DB73308B-ED1B-4752-BDC2-FDA79E4450A8}.Debug|Any CPU.Build.0 = Debug|Any CPU
		{DB73308B-ED1B-4752-BDC2-FDA79E4450A8}.Release|Any CPU.ActiveCfg = Release|Any CPU
		{DB73308B-ED1B-4752-BDC2-FDA79E4450A8}.Release|Any CPU.Build.0 = Release|Any CPU
	EndGlobalSection
	GlobalSection(SolutionProperties) = preSolution
		HideSolutionNode = FALSE
	EndGlobalSection
	GlobalSection(ExtensibilityGlobals) = postSolution
		SolutionGuid = {B5DC4E3F-D741-4A59-AFF8-323EFFC44607}
	EndGlobalSection
EndGlobal
