
Microsoft Visual Studio Solution File, Format Version 12.00
# Visual Studio Version 17
VisualStudioVersion = 17.1.32421.90
MinimumVisualStudioVersion = 10.0.40219.1
Project("{9A19103F-16F7-4668-BE54-9A1E7A4F7556}") = "AlbornozSantiago", "AlbornozSantiago.csproj", "{C9515824-4416-4930-A64A-08B9C52334F0}"
EndProject
Project("{9A19103F-16F7-4668-BE54-9A1E7A4F7556}") = "Entidades", "..\Entidades\Entidades.csproj", "{6AEE6362-C60C-4B87-95EE-42460B43B262}"
EndProject
Project("{FAE04EC0-301F-11D3-BF4B-00C04F79EFBC}") = "TestEntidades", "..\TestEntidades\TestEntidades.csproj", "{4EEB7953-B2AC-4FDC-A392-04A3149919E7}"
EndProject
Global
	GlobalSection(SolutionConfigurationPlatforms) = preSolution
		Debug|Any CPU = Debug|Any CPU
		Release|Any CPU = Release|Any CPU
	EndGlobalSection
	GlobalSection(ProjectConfigurationPlatforms) = postSolution
		{C9515824-4416-4930-A64A-08B9C52334F0}.Debug|Any CPU.ActiveCfg = Debug|Any CPU
		{C9515824-4416-4930-A64A-08B9C52334F0}.Debug|Any CPU.Build.0 = Debug|Any CPU
		{C9515824-4416-4930-A64A-08B9C52334F0}.Release|Any CPU.ActiveCfg = Release|Any CPU
		{C9515824-4416-4930-A64A-08B9C52334F0}.Release|Any CPU.Build.0 = Release|Any CPU
		{6AEE6362-C60C-4B87-95EE-42460B43B262}.Debug|Any CPU.ActiveCfg = Debug|Any CPU
		{6AEE6362-C60C-4B87-95EE-42460B43B262}.Debug|Any CPU.Build.0 = Debug|Any CPU
		{6AEE6362-C60C-4B87-95EE-42460B43B262}.Release|Any CPU.ActiveCfg = Release|Any CPU
		{6AEE6362-C60C-4B87-95EE-42460B43B262}.Release|Any CPU.Build.0 = Release|Any CPU
		{4EEB7953-B2AC-4FDC-A392-04A3149919E7}.Debug|Any CPU.ActiveCfg = Debug|Any CPU
		{4EEB7953-B2AC-4FDC-A392-04A3149919E7}.Debug|Any CPU.Build.0 = Debug|Any CPU
		{4EEB7953-B2AC-4FDC-A392-04A3149919E7}.Release|Any CPU.ActiveCfg = Release|Any CPU
		{4EEB7953-B2AC-4FDC-A392-04A3149919E7}.Release|Any CPU.Build.0 = Release|Any CPU
	EndGlobalSection
	GlobalSection(SolutionProperties) = preSolution
		HideSolutionNode = FALSE
	EndGlobalSection
	GlobalSection(ExtensibilityGlobals) = postSolution
		SolutionGuid = {F73C6921-658F-41FF-BA39-4A29DFE2E9B2}
	EndGlobalSection
EndGlobal
